
Microsoft Visual Studio Solution File, Format Version 12.00
# Visual Studio Version 17
VisualStudioVersion = 17.1.32319.34
MinimumVisualStudioVersion = 10.0.40219.1
Project("{FAE04EC0-301F-11D3-BF4B-00C04F79EFBC}") = "ExerciseMemory", "ExerciseMemory\ExerciseMemory.csproj", "{435D51D7-8A3B-4B9E-A3CF-A4B8EE46F3A3}"
EndProject
Global
	GlobalSection(SolutionConfigurationPlatforms) = preSolution
		Debug|Any CPU = Debug|Any CPU
		Release|Any CPU = Release|Any CPU
	EndGlobalSection
	GlobalSection(ProjectConfigurationPlatforms) = postSolution
		{435D51D7-8A3B-4B9E-A3CF-A4B8EE46F3A3}.Debug|Any CPU.ActiveCfg = Debug|Any CPU
		{435D51D7-8A3B-4B9E-A3CF-A4B8EE46F3A3}.Debug|Any CPU.Build.0 = Debug|Any CPU
		{435D51D7-8A3B-4B9E-A3CF-A4B8EE46F3A3}.Release|Any CPU.ActiveCfg = Release|Any CPU
		{435D51D7-8A3B-4B9E-A3CF-A4B8EE46F3A3}.Release|Any CPU.Build.0 = Release|Any CPU
	EndGlobalSection
	GlobalSection(SolutionProperties) = preSolution
		HideSolutionNode = FALSE
	EndGlobalSection
	GlobalSection(ExtensibilityGlobals) = postSolution
		SolutionGuid = {2EE37065-5A1F-4748-A153-23F0EF4184FB}
	EndGlobalSection
EndGlobal
